// !$*UTF8*$!
{
	archiveVersion = 1;
	classes = {
	};
	objectVersion = 50;
	objects = {

/* Begin PBXBuildFile section */
		E262AE8120A460CC00B2972B /* AppDelegate.swift in Sources */ = {isa = PBXBuildFile; fileRef = E262AE8020A460CC00B2972B /* AppDelegate.swift */; };
		E262AE8320A460CD00B2972B /* Assets.xcassets in Resources */ = {isa = PBXBuildFile; fileRef = E262AE8220A460CD00B2972B /* Assets.xcassets */; };
		E262AE8620A460CD00B2972B /* MainMenu.xib in Resources */ = {isa = PBXBuildFile; fileRef = E262AE8420A460CD00B2972B /* MainMenu.xib */; };
		E262AE9120A460E800B2972B /* JFHotkeyManager.m in Sources */ = {isa = PBXBuildFile; fileRef = E262AE8F20A460E800B2972B /* JFHotkeyManager.m */; };
/* End PBXBuildFile section */

/* Begin PBXFileReference section */
		E262AE7D20A460CC00B2972B /* MacPaste.app */ = {isa = PBXFileReference; explicitFileType = wrapper.application; includeInIndex = 0; path = MacPaste.app; sourceTree = BUILT_PRODUCTS_DIR; };
		E262AE8020A460CC00B2972B /* AppDelegate.swift */ = {isa = PBXFileReference; lastKnownFileType = sourcecode.swift; path = AppDelegate.swift; sourceTree = "<group>"; };
		E262AE8220A460CD00B2972B /* Assets.xcassets */ = {isa = PBXFileReference; lastKnownFileType = folder.assetcatalog; path = Assets.xcassets; sourceTree = "<group>"; };
		E262AE8520A460CD00B2972B /* Base */ = {isa = PBXFileReference; lastKnownFileType = file.xib; name = Base; path = Base.lproj/MainMenu.xib; sourceTree = "<group>"; };
		E262AE8720A460CD00B2972B /* Info.plist */ = {isa = PBXFileReference; lastKnownFileType = text.plist.xml; path = Info.plist; sourceTree = "<group>"; };
		E262AE8820A460CD00B2972B /* MacPaste.entitlements */ = {isa = PBXFileReference; lastKnownFileType = text.plist.entitlements; path = MacPaste.entitlements; sourceTree = "<group>"; };
		E262AE8E20A460E700B2972B /* MacPaste-Bridging-Header.h */ = {isa = PBXFileReference; lastKnownFileType = sourcecode.c.h; path = "MacPaste-Bridging-Header.h"; sourceTree = "<group>"; };
		E262AE8F20A460E800B2972B /* JFHotkeyManager.m */ = {isa = PBXFileReference; fileEncoding = 4; lastKnownFileType = sourcecode.c.objc; path = JFHotkeyManager.m; sourceTree = "<group>"; };
		E262AE9020A460E800B2972B /* JFHotkeyManager.h */ = {isa = PBXFileReference; fileEncoding = 4; lastKnownFileType = sourcecode.c.h; path = JFHotkeyManager.h; sourceTree = "<group>"; };
/* End PBXFileReference section */

/* Begin PBXFrameworksBuildPhase section */
		E262AE7A20A460CC00B2972B /* Frameworks */ = {
			isa = PBXFrameworksBuildPhase;
			buildActionMask = 2147483647;
			files = (
			);
			runOnlyForDeploymentPostprocessing = 0;
		};
/* End PBXFrameworksBuildPhase section */

/* Begin PBXGroup section */
		E262AE7420A460CC00B2972B = {
			isa = PBXGroup;
			children = (
				E262AE7F20A460CC00B2972B /* MacPaste */,
				E262AE7E20A460CC00B2972B /* Products */,
			);
			sourceTree = "<group>";
		};
		E262AE7E20A460CC00B2972B /* Products */ = {
			isa = PBXGroup;
			children = (
				E262AE7D20A460CC00B2972B /* MacPaste.app */,
			);
			name = Products;
			sourceTree = "<group>";
		};
		E262AE7F20A460CC00B2972B /* MacPaste */ = {
			isa = PBXGroup;
			children = (
				E262AE8020A460CC00B2972B /* AppDelegate.swift */,
				E262AE9020A460E800B2972B /* JFHotkeyManager.h */,
				E262AE8F20A460E800B2972B /* JFHotkeyManager.m */,
				E262AE8220A460CD00B2972B /* Assets.xcassets */,
				E262AE8420A460CD00B2972B /* MainMenu.xib */,
				E262AE8720A460CD00B2972B /* Info.plist */,
				E262AE8820A460CD00B2972B /* MacPaste.entitlements */,
				E262AE8E20A460E700B2972B /* MacPaste-Bridging-Header.h */,
			);
			path = MacPaste;
			sourceTree = "<group>";
		};
/* End PBXGroup section */

/* Begin PBXNativeTarget section */
		E262AE7C20A460CC00B2972B /* MacPaste */ = {
			isa = PBXNativeTarget;
			buildConfigurationList = E262AE8B20A460CD00B2972B /* Build configuration list for PBXNativeTarget "MacPaste" */;
			buildPhases = (
				E262AE7920A460CC00B2972B /* Sources */,
				E262AE7A20A460CC00B2972B /* Frameworks */,
				E262AE7B20A460CC00B2972B /* Resources */,
			);
			buildRules = (
			);
			dependencies = (
			);
			name = MacPaste;
			productName = MacPaste;
			productReference = E262AE7D20A460CC00B2972B /* MacPaste.app */;
			productType = "com.apple.product-type.application";
		};
/* End PBXNativeTarget section */

/* Begin PBXProject section */
		E262AE7520A460CC00B2972B /* Project object */ = {
			isa = PBXProject;
			attributes = {
				LastSwiftUpdateCheck = 0930;
				LastUpgradeCheck = 0930;
				ORGANIZATIONNAME = Alonso;
				TargetAttributes = {
					E262AE7C20A460CC00B2972B = {
						CreatedOnToolsVersion = 9.3;
						LastSwiftMigration = 0930;
					};
				};
			};
			buildConfigurationList = E262AE7820A460CC00B2972B /* Build configuration list for PBXProject "MacPaste" */;
			compatibilityVersion = "Xcode 9.3";
			developmentRegion = en;
			hasScannedForEncodings = 0;
			knownRegions = (
				en,
				Base,
			);
			mainGroup = E262AE7420A460CC00B2972B;
			productRefGroup = E262AE7E20A460CC00B2972B /* Products */;
			projectDirPath = "";
			projectRoot = "";
			targets = (
				E262AE7C20A460CC00B2972B /* MacPaste */,
			);
		};
/* End PBXProject section */

/* Begin PBXResourcesBuildPhase section */
		E262AE7B20A460CC00B2972B /* Resources */ = {
			isa = PBXResourcesBuildPhase;
			buildActionMask = 2147483647;
			files = (
				E262AE8320A460CD00B2972B /* Assets.xcassets in Resources */,
				E262AE8620A460CD00B2972B /* MainMenu.xib in Resources */,
			);
			runOnlyForDeploymentPostprocessing = 0;
		};
/* End PBXResourcesBuildPhase section */

/* Begin PBXSourcesBuildPhase section */
		E262AE7920A460CC00B2972B /* Sources */ = {
			isa = PBXSourcesBuildPhase;
			buildActionMask = 2147483647;
			files = (
				E262AE8120A460CC00B2972B /* AppDelegate.swift in Sources */,
				E262AE9120A460E800B2972B /* JFHotkeyManager.m in Sources */,
			);
			runOnlyForDeploymentPostprocessing = 0;
		};
/* End PBXSourcesBuildPhase section */

/* Begin PBXVariantGroup section */
		E262AE8420A460CD00B2972B /* MainMenu.xib */ = {
			isa = PBXVariantGroup;
			children = (
				E262AE8520A460CD00B2972B /* Base */,
			);
			name = MainMenu.xib;
			sourceTree = "<group>";
		};
/* End PBXVariantGroup section */

/* Begin XCBuildConfiguration section */
		E262AE8920A460CD00B2972B /* Debug */ = {
			isa = XCBuildConfiguration;
			buildSettings = {
				ALWAYS_SEARCH_USER_PATHS = NO;
				CLANG_ANALYZER_NONNULL = YES;
				CLANG_ANALYZER_NUMBER_OBJECT_CONVERSION = YES_AGGRESSIVE;
				CLANG_CXX_LANGUAGE_STANDARD = "gnu++14";
				CLANG_CXX_LIBRARY = "libc++";
				CLANG_ENABLE_MODULES = YES;
				CLANG_ENABLE_OBJC_ARC = YES;
				CLANG_ENABLE_OBJC_WEAK = YES;
				CLANG_WARN_BLOCK_CAPTURE_AUTORELEASING = YES;
				CLANG_WARN_BOOL_CONVERSION = YES;
				CLANG_WARN_COMMA = YES;
				CLANG_WARN_CONSTANT_CONVERSION = YES;
				CLANG_WARN_DEPRECATED_OBJC_IMPLEMENTATIONS = YES;
				CLANG_WARN_DIRECT_OBJC_ISA_USAGE = YES_ERROR;
				CLANG_WARN_DOCUMENTATION_COMMENTS = YES;
				CLANG_WARN_EMPTY_BODY = YES;
				CLANG_WARN_ENUM_CONVERSION = YES;
				CLANG_WARN_INFINITE_RECURSION = YES;
				CLANG_WARN_INT_CONVERSION = YES;
				CLANG_WARN_NON_LITERAL_NULL_CONVERSION = YES;
				CLANG_WARN_OBJC_IMPLICIT_RETAIN_SELF = YES;
				CLANG_WARN_OBJC_LITERAL_CONVERSION = YES;
				CLANG_WARN_OBJC_ROOT_CLASS = YES_ERROR;
				CLANG_WARN_RANGE_LOOP_ANALYSIS = YES;
				CLANG_WARN_STRICT_PROTOTYPES = YES;
				CLANG_WARN_SUSPICIOUS_MOVE = YES;
				CLANG_WARN_UNGUARDED_AVAILABILITY = YES_AGGRESSIVE;
				CLANG_WARN_UNREACHABLE_CODE = YES;
				CLANG_WARN__DUPLICATE_METHOD_MATCH = YES;
				CODE_SIGN_IDENTITY = "Mac Developer";
				COPY_PHASE_STRIP = NO;
				DEBUG_INFORMATION_FORMAT = dwarf;
				ENABLE_STRICT_OBJC_MSGSEND = YES;
				ENABLE_TESTABILITY = YES;
				GCC_C_LANGUAGE_STANDARD = gnu11;
				GCC_DYNAMIC_NO_PIC = NO;
				GCC_NO_COMMON_BLOCKS = YES;
				GCC_OPTIMIZATION_LEVEL = 0;
				GCC_PREPROCESSOR_DEFINITIONS = (
					"DEBUG=1",
					"$(inherited)",
				);
				GCC_WARN_64_TO_32_BIT_CONVERSION = YES;
				GCC_WARN_ABOUT_RETURN_TYPE = YES_ERROR;
				GCC_WARN_UNDECLARED_SELECTOR = YES;
				GCC_WARN_UNINITIALIZED_AUTOS = YES_AGGRESSIVE;
				GCC_WARN_UNUSED_FUNCTION = YES;
				GCC_WARN_UNUSED_VARIABLE = YES;
				MACOSX_DEPLOYMENT_TARGET = 10.13;
				MTL_ENABLE_DEBUG_INFO = YES;
				ONLY_ACTIVE_ARCH = YES;
				SDKROOT = macosx;
				SWIFT_ACTIVE_COMPILATION_CONDITIONS = DEBUG;
				SWIFT_OPTIMIZATION_LEVEL = "-Onone";
			};
			name = Debug;
		};
		E262AE8A20A460CD00B2972B /* Release */ = {
			isa = XCBuildConfiguration;
			buildSettings = {
				ALWAYS_SEARCH_USER_PATHS = NO;
				CLANG_ANALYZER_NONNULL = YES;
				CLANG_ANALYZER_NUMBER_OBJECT_CONVERSION = YES_AGGRESSIVE;
				CLANG_CXX_LANGUAGE_STANDARD = "gnu++14";
				CLANG_CXX_LIBRARY = "libc++";
				CLANG_ENABLE_MODULES = YES;
				CLANG_ENABLE_OBJC_ARC = YES;
				CLANG_ENABLE_OBJC_WEAK = YES;
				CLANG_WARN_BLOCK_CAPTURE_AUTORELEASING = YES;
				CLANG_WARN_BOOL_CONVERSION = YES;
				CLANG_WARN_COMMA = YES;
				CLANG_WARN_CONSTANT_CONVERSION = YES;
				CLANG_WARN_DEPRECATED_OBJC_IMPLEMENTATIONS = YES;
				CLANG_WARN_DIRECT_OBJC_ISA_USAGE = YES_ERROR;
				CLANG_WARN_DOCUMENTATION_COMMENTS = YES;
				CLANG_WARN_EMPTY_BODY = YES;
				CLANG_WARN_ENUM_CONVERSION = YES;
				CLANG_WARN_INFINITE_RECURSION = YES;
				CLANG_WARN_INT_CONVERSION = YES;
				CLANG_WARN_NON_LITERAL_NULL_CONVERSION = YES;
				CLANG_WARN_OBJC_IMPLICIT_RETAIN_SELF = YES;
				CLANG_WARN_OBJC_LITERAL_CONVERSION = YES;
				CLANG_WARN_OBJC_ROOT_CLASS = YES_ERROR;
				CLANG_WARN_RANGE_LOOP_ANALYSIS = YES;
				CLANG_WARN_STRICT_PROTOTYPES = YES;
				CLANG_WARN_SUSPICIOUS_MOVE = YES;
				CLANG_WARN_UNGUARDED_AVAILABILITY = YES_AGGRESSIVE;
				CLANG_WARN_UNREACHABLE_CODE = YES;
				CLANG_WARN__DUPLICATE_METHOD_MATCH = YES;
				CODE_SIGN_IDENTITY = "Mac Developer";
				COPY_PHASE_STRIP = NO;
				DEBUG_INFORMATION_FORMAT = "dwarf-with-dsym";
				ENABLE_NS_ASSERTIONS = NO;
				ENABLE_STRICT_OBJC_MSGSEND = YES;
				GCC_C_LANGUAGE_STANDARD = gnu11;
				GCC_NO_COMMON_BLOCKS = YES;
				GCC_WARN_64_TO_32_BIT_CONVERSION = YES;
				GCC_WARN_ABOUT_RETURN_TYPE = YES_ERROR;
				GCC_WARN_UNDECLARED_SELECTOR = YES;
				GCC_WARN_UNINITIALIZED_AUTOS = YES_AGGRESSIVE;
				GCC_WARN_UNUSED_FUNCTION = YES;
				GCC_WARN_UNUSED_VARIABLE = YES;
				MACOSX_DEPLOYMENT_TARGET = 10.13;
				MTL_ENABLE_DEBUG_INFO = NO;
				SDKROOT = macosx;
				SWIFT_COMPILATION_MODE = wholemodule;
				SWIFT_OPTIMIZATION_LEVEL = "-O";
			};
			name = Release;
		};
		E262AE8C20A460CD00B2972B /* Debug */ = {
			isa = XCBuildConfiguration;
			buildSettings = {
				ASSETCATALOG_COMPILER_APPICON_NAME = AppIcon;
				CLANG_ENABLE_MODULES = YES;
				CODE_SIGN_ENTITLEMENTS = MacPaste/MacPaste.entitlements;
				CODE_SIGN_STYLE = Automatic;
				COMBINE_HIDPI_IMAGES = YES;
				DEVELOPMENT_TEAM = 8LP5KW6GHL;
				INFOPLIST_FILE = MacPaste/Info.plist;
				LD_RUNPATH_SEARCH_PATHS = (
					"$(inherited)",
					"@executable_path/../Frameworks",
				);
				PRODUCT_BUNDLE_IDENTIFIER = tech.zhangwu.MacPaste;
				PRODUCT_NAME = "$(TARGET_NAME)";
				SWIFT_OBJC_BRIDGING_HEADER = "MacPaste/MacPaste-Bridging-Header.h";
				SWIFT_OPTIMIZATION_LEVEL = "-Onone";
				SWIFT_VERSION = 4.0;
			};
			name = Debug;
		};
		E262AE8D20A460CD00B2972B /* Release */ = {
			isa = XCBuildConfiguration;
			buildSettings = {
				ASSETCATALOG_COMPILER_APPICON_NAME = AppIcon;
				CLANG_ENABLE_MODULES = YES;
				CODE_SIGN_ENTITLEMENTS = MacPaste/MacPaste.entitlements;
				CODE_SIGN_STYLE = Automatic;
				COMBINE_HIDPI_IMAGES = YES;
				DEVELOPMENT_TEAM = 8LP5KW6GHL;
				INFOPLIST_FILE = MacPaste/Info.plist;
				LD_RUNPATH_SEARCH_PATHS = (
					"$(inherited)",
					"@executable_path/../Frameworks",
				);
				PRODUCT_BUNDLE_IDENTIFIER = tech.zhangwu.MacPaste;
				PRODUCT_NAME = "$(TARGET_NAME)";
				SWIFT_OBJC_BRIDGING_HEADER = "MacPaste/MacPaste-Bridging-Header.h";
				SWIFT_VERSION = 4.0;
			};
			name = Release;
		};
/* End XCBuildConfiguration section */

/* Begin XCConfigurationList section */
		E262AE7820A460CC00B2972B /* Build configuration list for PBXProject "MacPaste" */ = {
			isa = XCConfigurationList;
			buildConfigurations = (
				E262AE8920A460CD00B2972B /* Debug */,
				E262AE8A20A460CD00B2972B /* Release */,
			);
			defaultConfigurationIsVisible = 0;
			defaultConfigurationName = Release;
		};
		E262AE8B20A460CD00B2972B /* Build configuration list for PBXNativeTarget "MacPaste" */ = {
			isa = XCConfigurationList;
			buildConfigurations = (
				E262AE8C20A460CD00B2972B /* Debug */,
				E262AE8D20A460CD00B2972B /* Release */,
			);
			defaultConfigurationIsVisible = 0;
			defaultConfigurationName = Release;
		};
/* End XCConfigurationList section */
	};
	rootObject = E262AE7520A460CC00B2972B /* Project object */;
}
